PODS:
  - Alamofire (4.8.0)
  - AlamofireImage (3.5.0):
    - Alamofire (~> 4.8)
  - Contentful (4.2.3):
    - Contentful/ImageOptions (= 4.2.3)
  - Contentful/ImageOptions (4.2.3)

DEPENDENCIES:
  - Alamofire
  - AlamofireImage
  - Contentful

SPEC REPOS:
  https://github.com/cocoapods/specs.git:
    - Alamofire
    - AlamofireImage
    - Contentful

SPEC CHECKSUMS:
  Alamofire: 3ec537f71edc9804815215393ae2b1a8ea33a844
  AlamofireImage: 1aea346f4dda2f6c67622fa5a89fcbb80d79cc16
  Contentful: ac16e9f37e1e50e59eeb33c39b8442badaf50797

PODFILE CHECKSUM: ff0cbca5d6128733ef55d829763ff9abd17a5de3

COCOAPODS: 1.5.3
